
Microsoft Visual Studio Solution File, Format Version 12.00
# Visual Studio Version 17
VisualStudioVersion = 17.10.34928.147
MinimumVisualStudioVersion = 10.0.40219.1
Project("{9A19103F-16F7-4668-BE54-9A1E7A4F7556}") = "CategoriesApi", "CategoriesApi.csproj", "{528BAB51-19BD-4F2F-AB6A-7A48DF664F51}"
EndProject
Global
	GlobalSection(SolutionConfigurationPlatforms) = preSolution
		Debug|Any CPU = Debug|Any CPU
		Release|Any CPU = Release|Any CPU
	EndGlobalSection
	GlobalSection(ProjectConfigurationPlatforms) = postSolution
		{528BAB51-19BD-4F2F-AB6A-7A48DF664F51}.Debug|Any CPU.ActiveCfg = Debug|Any CPU
		{528BAB51-19BD-4F2F-AB6A-7A48DF664F51}.Debug|Any CPU.Build.0 = Debug|Any CPU
		{528BAB51-19BD-4F2F-AB6A-7A48DF664F51}.Release|Any CPU.ActiveCfg = Release|Any CPU
		{528BAB51-19BD-4F2F-AB6A-7A48DF664F51}.Release|Any CPU.Build.0 = Release|Any CPU
	EndGlobalSection
	GlobalSection(SolutionProperties) = preSolution
		HideSolutionNode = FALSE
	EndGlobalSection
	GlobalSection(ExtensibilityGlobals) = postSolution
		SolutionGuid = {75E3D96E-B3F9-400A-AAE7-CF3B9663F5ED}
	EndGlobalSection
EndGlobal
